Microsoft Visual Studio Solution File, Format Version 12.00
# Visual Studio Version 17
VisualStudioVersion = 17.5.2.0
MinimumVisualStudioVersion = 10.0.40219.1
Project("{2150E333-8FDC-42A3-9474-1A3956D46DE8}") = "tools", "tools", "{07C2787E-EAC7-C090-1BA3-A61EC2A24D84}"
EndProject
Project("{FAE04EC0-301F-11D3-BF4B-00C04F79EFBC}") = "CreditsTool", "tools\CreditsTool\CreditsTool.csproj", "{9CA41DA9-835E-8EF9-657B-2FA2B7A9FC2C}"
EndProject
Global
	GlobalSection(SolutionConfigurationPlatforms) = preSolution
		Debug|Any CPU = Debug|Any CPU
		Release|Any CPU = Release|Any CPU
	EndGlobalSection
	GlobalSection(ProjectConfigurationPlatforms) = postSolution
		{9CA41DA9-835E-8EF9-657B-2FA2B7A9FC2C}.Debug|Any CPU.ActiveCfg = Debug|Any CPU
		{9CA41DA9-835E-8EF9-657B-2FA2B7A9FC2C}.Debug|Any CPU.Build.0 = Debug|Any CPU
		{9CA41DA9-835E-8EF9-657B-2FA2B7A9FC2C}.Release|Any CPU.ActiveCfg = Release|Any CPU
		{9CA41DA9-835E-8EF9-657B-2FA2B7A9FC2C}.Release|Any CPU.Build.0 = Release|Any CPU
	EndGlobalSection
	GlobalSection(SolutionProperties) = preSolution
		HideSolutionNode = FALSE
	EndGlobalSection
	GlobalSection(NestedProjects) = preSolution
		{9CA41DA9-835E-8EF9-657B-2FA2B7A9FC2C} = {07C2787E-EAC7-C090-1BA3-A61EC2A24D84}
	EndGlobalSection
	GlobalSection(ExtensibilityGlobals) = postSolution
		SolutionGuid = {EABC18E4-6F78-432C-8736-99E0C03606CE}
	EndGlobalSection
EndGlobal
